github.com/streadway/amqp v1.0.0 h1:kuuDrUJFZL1QYL9hUNuCxNObNzB0bV/ZG5jV3RWAQgo=
github.com/streadway/amqp v1.0.0/go.mod h1:AZpEONHx3DKn8O/DFsRAY58/XVQiIPMTMB1SddzLXVw=
github.com/zhiwei-jian/common-go-rabbitmq v0.0.0-20220325135329-866b3d998170 h1:T5tvb9a2ME1KgXrjFtHc3BedF5nlE0D+SoNgmZdVnKU=
github.com/zhiwei-jian/common-go-rabbitmq v0.0.0-20220325135329-866b3d998170/go.mod h1:/86lMC375FIaqpxSRlrqFux0OvC7I5m6hq/H4NG/cVs=
