github.com/lib/pq v1.10.4 h1:SO9z7FRPzA03QhHKJrH5BXA6HU1rS4V2nIVrrNC1iYk=
github.com/lib/pq v1.10.4/go.mod h1:AlVN5x4E4T544tWzH6hKfbfQvm3HdbOxrmggDNAPY9o=
github.com/streadway/amqp v1.0.0 h1:kuuDrUJFZL1QYL9hUNuCxNObNzB0bV/ZG5jV3RWAQgo=
github.com/streadway/amqp v1.0.0/go.mod h1:AZpEONHx3DKn8O/DFsRAY58/XVQiIPMTMB1SddzLXVw=
github.com/zhiwei-jian/common-go-postgres v1.0.3 h1:xJAtJ/rHMVhWl8R9cV3B83dC7BG1N6A4I5gR6Y/hR44=
github.com/zhiwei-jian/common-go-postgres v1.0.3/go.mod h1:zxwKyVPWWNTJIZAhUAy6n7DpWEzIYCiw5E/dpxr2yEU=
github.com/zhiwei-jian/common-go-rabbitmq v0.0.0-20220325135329-866b3d998170 h1:T5tvb9a2ME1KgXrjFtHc3BedF5nlE0D+SoNgmZdVnKU=
github.com/zhiwei-jian/common-go-rabbitmq v0.0.0-20220325135329-866b3d998170/go.mod h1:/86lMC375FIaqpxSRlrqFux0OvC7I5m6hq/H4NG/cVs=
